
Microsoft Visual Studio Solution File, Format Version 12.00
# Visual Studio Version 17
VisualStudioVersion = 17.0.31410.414
MinimumVisualStudioVersion = 10.0.40219.1
Project("{9A19103F-16F7-4668-BE54-9A1E7A4F7556}") = "CodeCaster.PVBridge.GoodWe", "src\CodeCaster.PVBridge.GoodWe\CodeCaster.PVBridge.GoodWe.csproj", "{6CD10431-BD97-4DFB-BA3C-9628EA52CBA0}"
EndProject
Project("{2150E333-8FDC-42A3-9474-1A3956D46DE8}") = "07. Tests", "07. Tests", "{7078CC6F-8669-48F4-B1D0-F54965869C19}"
EndProject
Project("{9A19103F-16F7-4668-BE54-9A1E7A4F7556}") = "CodeCaster.PVBridge.GoodWe.TestConsole", "src\CodeCaster.PVBridge.GoodWe.TestConsole\CodeCaster.PVBridge.GoodWe.TestConsole.csproj", "{CCC82825-B7E0-460D-A641-2BE7D12FBE1A}"
EndProject
Project("{2150E333-8FDC-42A3-9474-1A3956D46DE8}") = "03. Input", "03. Input", "{70C40D68-414E-4F08-8C08-636FC08D6BAF}"
EndProject
Project("{2150E333-8FDC-42A3-9474-1A3956D46DE8}") = "05. Apps", "05. Apps", "{A6E3BE15-B46D-406D-A4A2-413F73EA2683}"
EndProject
Project("{2150E333-8FDC-42A3-9474-1A3956D46DE8}") = "02. Core", "02. Core", "{AE27625E-EAF0-4D9C-A758-1BBC6ABF26AE}"
EndProject
Project("{9A19103F-16F7-4668-BE54-9A1E7A4F7556}") = "CodeCaster.PVBridge", "src\CodeCaster.PVBridge\CodeCaster.PVBridge.csproj", "{0AC5BFE2-F2E3-49EB-AE9E-30AB9008813F}"
EndProject
Project("{9A19103F-16F7-4668-BE54-9A1E7A4F7556}") = "CodeCaster.PVBridge.Logic", "src\CodeCaster.PVBridge.Logic\CodeCaster.PVBridge.Logic.csproj", "{2D50431E-8113-4130-9221-3682EC0CDDCE}"
EndProject
Project("{2150E333-8FDC-42A3-9474-1A3956D46DE8}") = "04. Output", "04. Output", "{CDB3BE2B-DBF2-4887-9308-AA3C4D6DBBE2}"
EndProject
Project("{9A19103F-16F7-4668-BE54-9A1E7A4F7556}") = "CodeCaster.PVBridge.PVOutput", "src\CodeCaster.PVBridge.PVOutput\CodeCaster.PVBridge.PVOutput.csproj", "{7E53CDF1-F614-486F-9413-4967157E9F64}"
EndProject
Project("{9A19103F-16F7-4668-BE54-9A1E7A4F7556}") = "CodeCaster.PVBridge.CsvWriter", "src\CodeCaster.PVBridge.CsvWriter\CodeCaster.PVBridge.CsvWriter.csproj", "{19D7DDC0-9A3C-40CB-8AB3-D178CEC3C8E3}"
EndProject
Project("{2150E333-8FDC-42A3-9474-1A3956D46DE8}") = "00. Solution Items", "00. Solution Items", "{64CD1251-FF81-44EE-B36C-F9AFDE8933D9}"
	ProjectSection(SolutionItems) = preProject
		.editorconfig = .editorconfig
		PVBridge.AccountConfig.example.json = PVBridge.AccountConfig.example.json
		C:\ProgramData\PVBridge\PVBridge.AccountConfig.json = C:\ProgramData\PVBridge\PVBridge.AccountConfig.json
		Readme.md = Readme.md
	EndProjectSection
EndProject
Project("{9A19103F-16F7-4668-BE54-9A1E7A4F7556}") = "CodeCaster.PVBridge.Service", "src\CodeCaster.PVBridge.Service\CodeCaster.PVBridge.Service.csproj", "{A2622CA3-912F-4AA5-AD71-CBFDA6E78146}"
EndProject
Project("{9A19103F-16F7-4668-BE54-9A1E7A4F7556}") = "CodeCaster.GoodWe", "src\CodeCaster.GoodWe\CodeCaster.GoodWe.csproj", "{761E82D1-685B-4B59-8702-C35530480D03}"
EndProject
Project("{2150E333-8FDC-42A3-9474-1A3956D46DE8}") = "06. Libraries", "06. Libraries", "{318FBAC2-0C59-4516-84BF-88ECDB613D0A}"
EndProject
Project("{2150E333-8FDC-42A3-9474-1A3956D46DE8}") = "01. GitHub", "01. GitHub", "{0283F29E-13CF-43A0-9EF6-1E726C6F5D15}"
	ProjectSection(SolutionItems) = preProject
		.github\workflows\DotNetCore5.0-CI.yml = .github\workflows\DotNetCore5.0-CI.yml
	EndProjectSection
EndProject
Project("{9A19103F-16F7-4668-BE54-9A1E7A4F7556}") = "CodeCaster.PVBridge.Logic.Test", "test\CodeCaster.PVBridge.Logic.Test\CodeCaster.PVBridge.Logic.Test.csproj", "{86C33772-9D3A-404C-A94C-0DB858E1ED08}"
EndProject
Project("{9A19103F-16F7-4668-BE54-9A1E7A4F7556}") = "CodeCaster.PVBridge.Grpc", "src\CodeCaster.PVBridge.Grpc\CodeCaster.PVBridge.Grpc.csproj", "{C390DE96-A650-4FF3-B75F-7690910EDD76}"
EndProject
Project("{9A19103F-16F7-4668-BE54-9A1E7A4F7556}") = "CodeCaster.PVBridge.Utils", "src\CodeCaster.PVBridge.Utils\CodeCaster.PVBridge.Utils.csproj", "{B2963CE7-B365-47CE-B68A-6A158FDEF48D}"
EndProject
Project("{9A19103F-16F7-4668-BE54-9A1E7A4F7556}") = "CodeCaster.PVBridge.Utils.Test", "test\CodeCaster.PVBridge.Utils.Test\CodeCaster.PVBridge.Utils.Test.csproj", "{66D60FB2-059B-4E6F-9E96-0911DB4E1ECE}"
EndProject
Project("{9A19103F-16F7-4668-BE54-9A1E7A4F7556}") = "PVBridge.Test.Shared", "test\PVBridge.Test.Shared\PVBridge.Test.Shared.csproj", "{0B8177F7-8275-458B-A502-F4611CE0521C}"
EndProject
Global
	GlobalSection(SolutionConfigurationPlatforms) = preSolution
		Debug|Any CPU = Debug|Any CPU
		Debug|arm64 = Debug|arm64
		Debug|x64 = Debug|x64
		Debug|x86 = Debug|x86
		Release|Any CPU = Release|Any CPU
		Release|arm64 = Release|arm64
		Release|x64 = Release|x64
		Release|x86 = Release|x86
	EndGlobalSection
	GlobalSection(ProjectConfigurationPlatforms) = postSolution
		{6CD10431-BD97-4DFB-BA3C-9628EA52CBA0}.Debug|Any CPU.ActiveCfg = Debug|Any CPU
		{6CD10431-BD97-4DFB-BA3C-9628EA52CBA0}.Debug|Any CPU.Build.0 = Debug|Any CPU
		{6CD10431-BD97-4DFB-BA3C-9628EA52CBA0}.Debug|arm64.ActiveCfg = Debug|Any CPU
		{6CD10431-BD97-4DFB-BA3C-9628EA52CBA0}.Debug|arm64.Build.0 = Debug|Any CPU
		{6CD10431-BD97-4DFB-BA3C-9628EA52CBA0}.Debug|x64.ActiveCfg = Debug|Any CPU
		{6CD10431-BD97-4DFB-BA3C-9628EA52CBA0}.Debug|x64.Build.0 = Debug|Any CPU
		{6CD10431-BD97-4DFB-BA3C-9628EA52CBA0}.Debug|x86.ActiveCfg = Debug|Any CPU
		{6CD10431-BD97-4DFB-BA3C-9628EA52CBA0}.Debug|x86.Build.0 = Debug|Any CPU
		{6CD10431-BD97-4DFB-BA3C-9628EA52CBA0}.Release|Any CPU.ActiveCfg = Release|Any CPU
		{6CD10431-BD97-4DFB-BA3C-9628EA52CBA0}.Release|Any CPU.Build.0 = Release|Any CPU
		{6CD10431-BD97-4DFB-BA3C-9628EA52CBA0}.Release|arm64.ActiveCfg = Release|Any CPU
		{6CD10431-BD97-4DFB-BA3C-9628EA52CBA0}.Release|arm64.Build.0 = Release|Any CPU
		{6CD10431-BD97-4DFB-BA3C-9628EA52CBA0}.Release|x64.ActiveCfg = Release|Any CPU
		{6CD10431-BD97-4DFB-BA3C-9628EA52CBA0}.Release|x64.Build.0 = Release|Any CPU
		{6CD10431-BD97-4DFB-BA3C-9628EA52CBA0}.Release|x86.ActiveCfg = Release|Any CPU
		{6CD10431-BD97-4DFB-BA3C-9628EA52CBA0}.Release|x86.Build.0 = Release|Any CPU
		{CCC82825-B7E0-460D-A641-2BE7D12FBE1A}.Debug|Any CPU.ActiveCfg = Debug|Any CPU
		{CCC82825-B7E0-460D-A641-2BE7D12FBE1A}.Debug|Any CPU.Build.0 = Debug|Any CPU
		{CCC82825-B7E0-460D-A641-2BE7D12FBE1A}.Debug|arm64.ActiveCfg = Debug|Any CPU
		{CCC82825-B7E0-460D-A641-2BE7D12FBE1A}.Debug|arm64.Build.0 = Debug|Any CPU
		{CCC82825-B7E0-460D-A641-2BE7D12FBE1A}.Debug|x64.ActiveCfg = Debug|Any CPU
		{CCC82825-B7E0-460D-A641-2BE7D12FBE1A}.Debug|x64.Build.0 = Debug|Any CPU
		{CCC82825-B7E0-460D-A641-2BE7D12FBE1A}.Debug|x86.ActiveCfg = Debug|Any CPU
		{CCC82825-B7E0-460D-A641-2BE7D12FBE1A}.Debug|x86.Build.0 = Debug|Any CPU
		{CCC82825-B7E0-460D-A641-2BE7D12FBE1A}.Release|Any CPU.ActiveCfg = Release|Any CPU
		{CCC82825-B7E0-460D-A641-2BE7D12FBE1A}.Release|Any CPU.Build.0 = Release|Any CPU
		{CCC82825-B7E0-460D-A641-2BE7D12FBE1A}.Release|arm64.ActiveCfg = Release|Any CPU
		{CCC82825-B7E0-460D-A641-2BE7D12FBE1A}.Release|arm64.Build.0 = Release|Any CPU
		{CCC82825-B7E0-460D-A641-2BE7D12FBE1A}.Release|x64.ActiveCfg = Release|Any CPU
		{CCC82825-B7E0-460D-A641-2BE7D12FBE1A}.Release|x64.Build.0 = Release|Any CPU
		{CCC82825-B7E0-460D-A641-2BE7D12FBE1A}.Release|x86.ActiveCfg = Release|Any CPU
		{CCC82825-B7E0-460D-A641-2BE7D12FBE1A}.Release|x86.Build.0 = Release|Any CPU
		{0AC5BFE2-F2E3-49EB-AE9E-30AB9008813F}.Debug|Any CPU.ActiveCfg = Debug|Any CPU
		{0AC5BFE2-F2E3-49EB-AE9E-30AB9008813F}.Debug|Any CPU.Build.0 = Debug|Any CPU
		{0AC5BFE2-F2E3-49EB-AE9E-30AB9008813F}.Debug|arm64.ActiveCfg = Debug|Any CPU
		{0AC5BFE2-F2E3-49EB-AE9E-30AB9008813F}.Debug|arm64.Build.0 = Debug|Any CPU
		{0AC5BFE2-F2E3-49EB-AE9E-30AB9008813F}.Debug|x64.ActiveCfg = Debug|Any CPU
		{0AC5BFE2-F2E3-49EB-AE9E-30AB9008813F}.Debug|x64.Build.0 = Debug|Any CPU
		{0AC5BFE2-F2E3-49EB-AE9E-30AB9008813F}.Debug|x86.ActiveCfg = Debug|Any CPU
		{0AC5BFE2-F2E3-49EB-AE9E-30AB9008813F}.Debug|x86.Build.0 = Debug|Any CPU
		{0AC5BFE2-F2E3-49EB-AE9E-30AB9008813F}.Release|Any CPU.ActiveCfg = Release|Any CPU
		{0AC5BFE2-F2E3-49EB-AE9E-30AB9008813F}.Release|Any CPU.Build.0 = Release|Any CPU
		{0AC5BFE2-F2E3-49EB-AE9E-30AB9008813F}.Release|arm64.ActiveCfg = Release|Any CPU
		{0AC5BFE2-F2E3-49EB-AE9E-30AB9008813F}.Release|arm64.Build.0 = Release|Any CPU
		{0AC5BFE2-F2E3-49EB-AE9E-30AB9008813F}.Release|x64.ActiveCfg = Release|Any CPU
		{0AC5BFE2-F2E3-49EB-AE9E-30AB9008813F}.Release|x64.Build.0 = Release|Any CPU
		{0AC5BFE2-F2E3-49EB-AE9E-30AB9008813F}.Release|x86.ActiveCfg = Release|Any CPU
		{0AC5BFE2-F2E3-49EB-AE9E-30AB9008813F}.Release|x86.Build.0 = Release|Any CPU
		{2D50431E-8113-4130-9221-3682EC0CDDCE}.Debug|Any CPU.ActiveCfg = Debug|Any CPU
		{2D50431E-8113-4130-9221-3682EC0CDDCE}.Debug|Any CPU.Build.0 = Debug|Any CPU
		{2D50431E-8113-4130-9221-3682EC0CDDCE}.Debug|arm64.ActiveCfg = Debug|Any CPU
		{2D50431E-8113-4130-9221-3682EC0CDDCE}.Debug|arm64.Build.0 = Debug|Any CPU
		{2D50431E-8113-4130-9221-3682EC0CDDCE}.Debug|x64.ActiveCfg = Debug|Any CPU
		{2D50431E-8113-4130-9221-3682EC0CDDCE}.Debug|x64.Build.0 = Debug|Any CPU
		{2D50431E-8113-4130-9221-3682EC0CDDCE}.Debug|x86.ActiveCfg = Debug|Any CPU
		{2D50431E-8113-4130-9221-3682EC0CDDCE}.Debug|x86.Build.0 = Debug|Any CPU
		{2D50431E-8113-4130-9221-3682EC0CDDCE}.Release|Any CPU.ActiveCfg = Release|Any CPU
		{2D50431E-8113-4130-9221-3682EC0CDDCE}.Release|Any CPU.Build.0 = Release|Any CPU
		{2D50431E-8113-4130-9221-3682EC0CDDCE}.Release|arm64.ActiveCfg = Release|Any CPU
		{2D50431E-8113-4130-9221-3682EC0CDDCE}.Release|arm64.Build.0 = Release|Any CPU
		{2D50431E-8113-4130-9221-3682EC0CDDCE}.Release|x64.ActiveCfg = Release|Any CPU
		{2D50431E-8113-4130-9221-3682EC0CDDCE}.Release|x64.Build.0 = Release|Any CPU
		{2D50431E-8113-4130-9221-3682EC0CDDCE}.Release|x86.ActiveCfg = Release|Any CPU
		{2D50431E-8113-4130-9221-3682EC0CDDCE}.Release|x86.Build.0 = Release|Any CPU
		{7E53CDF1-F614-486F-9413-4967157E9F64}.Debug|Any CPU.ActiveCfg = Debug|Any CPU
		{7E53CDF1-F614-486F-9413-4967157E9F64}.Debug|Any CPU.Build.0 = Debug|Any CPU
		{7E53CDF1-F614-486F-9413-4967157E9F64}.Debug|arm64.ActiveCfg = Debug|Any CPU
		{7E53CDF1-F614-486F-9413-4967157E9F64}.Debug|arm64.Build.0 = Debug|Any CPU
		{7E53CDF1-F614-486F-9413-4967157E9F64}.Debug|x64.ActiveCfg = Debug|Any CPU
		{7E53CDF1-F614-486F-9413-4967157E9F64}.Debug|x64.Build.0 = Debug|Any CPU
		{7E53CDF1-F614-486F-9413-4967157E9F64}.Debug|x86.ActiveCfg = Debug|Any CPU
		{7E53CDF1-F614-486F-9413-4967157E9F64}.Debug|x86.Build.0 = Debug|Any CPU
		{7E53CDF1-F614-486F-9413-4967157E9F64}.Release|Any CPU.ActiveCfg = Release|Any CPU
		{7E53CDF1-F614-486F-9413-4967157E9F64}.Release|Any CPU.Build.0 = Release|Any CPU
		{7E53CDF1-F614-486F-9413-4967157E9F64}.Release|arm64.ActiveCfg = Release|Any CPU
		{7E53CDF1-F614-486F-9413-4967157E9F64}.Release|arm64.Build.0 = Release|Any CPU
		{7E53CDF1-F614-486F-9413-4967157E9F64}.Release|x64.ActiveCfg = Release|Any CPU
		{7E53CDF1-F614-486F-9413-4967157E9F64}.Release|x64.Build.0 = Release|Any CPU
		{7E53CDF1-F614-486F-9413-4967157E9F64}.Release|x86.ActiveCfg = Release|Any CPU
		{7E53CDF1-F614-486F-9413-4967157E9F64}.Release|x86.Build.0 = Release|Any CPU
		{19D7DDC0-9A3C-40CB-8AB3-D178CEC3C8E3}.Debug|Any CPU.ActiveCfg = Debug|Any CPU
		{19D7DDC0-9A3C-40CB-8AB3-D178CEC3C8E3}.Debug|Any CPU.Build.0 = Debug|Any CPU
		{19D7DDC0-9A3C-40CB-8AB3-D178CEC3C8E3}.Debug|arm64.ActiveCfg = Debug|Any CPU
		{19D7DDC0-9A3C-40CB-8AB3-D178CEC3C8E3}.Debug|arm64.Build.0 = Debug|Any CPU
		{19D7DDC0-9A3C-40CB-8AB3-D178CEC3C8E3}.Debug|x64.ActiveCfg = Debug|Any CPU
		{19D7DDC0-9A3C-40CB-8AB3-D178CEC3C8E3}.Debug|x64.Build.0 = Debug|Any CPU
		{19D7DDC0-9A3C-40CB-8AB3-D178CEC3C8E3}.Debug|x86.ActiveCfg = Debug|Any CPU
		{19D7DDC0-9A3C-40CB-8AB3-D178CEC3C8E3}.Debug|x86.Build.0 = Debug|Any CPU
		{19D7DDC0-9A3C-40CB-8AB3-D178CEC3C8E3}.Release|Any CPU.ActiveCfg = Release|Any CPU
		{19D7DDC0-9A3C-40CB-8AB3-D178CEC3C8E3}.Release|Any CPU.Build.0 = Release|Any CPU
		{19D7DDC0-9A3C-40CB-8AB3-D178CEC3C8E3}.Release|arm64.ActiveCfg = Release|Any CPU
		{19D7DDC0-9A3C-40CB-8AB3-D178CEC3C8E3}.Release|arm64.Build.0 = Release|Any CPU
		{19D7DDC0-9A3C-40CB-8AB3-D178CEC3C8E3}.Release|x64.ActiveCfg = Release|Any CPU
		{19D7DDC0-9A3C-40CB-8AB3-D178CEC3C8E3}.Release|x64.Build.0 = Release|Any CPU
		{19D7DDC0-9A3C-40CB-8AB3-D178CEC3C8E3}.Release|x86.ActiveCfg = Release|Any CPU
		{19D7DDC0-9A3C-40CB-8AB3-D178CEC3C8E3}.Release|x86.Build.0 = Release|Any CPU
		{A2622CA3-912F-4AA5-AD71-CBFDA6E78146}.Debug|Any CPU.ActiveCfg = Debug|Any CPU
		{A2622CA3-912F-4AA5-AD71-CBFDA6E78146}.Debug|Any CPU.Build.0 = Debug|Any CPU
		{A2622CA3-912F-4AA5-AD71-CBFDA6E78146}.Debug|arm64.ActiveCfg = Debug|Any CPU
		{A2622CA3-912F-4AA5-AD71-CBFDA6E78146}.Debug|arm64.Build.0 = Debug|Any CPU
		{A2622CA3-912F-4AA5-AD71-CBFDA6E78146}.Debug|x64.ActiveCfg = Debug|Any CPU
		{A2622CA3-912F-4AA5-AD71-CBFDA6E78146}.Debug|x64.Build.0 = Debug|Any CPU
		{A2622CA3-912F-4AA5-AD71-CBFDA6E78146}.Debug|x86.ActiveCfg = Debug|Any CPU
		{A2622CA3-912F-4AA5-AD71-CBFDA6E78146}.Debug|x86.Build.0 = Debug|Any CPU
		{A2622CA3-912F-4AA5-AD71-CBFDA6E78146}.Release|Any CPU.ActiveCfg = Release|Any CPU
		{A2622CA3-912F-4AA5-AD71-CBFDA6E78146}.Release|Any CPU.Build.0 = Release|Any CPU
		{A2622CA3-912F-4AA5-AD71-CBFDA6E78146}.Release|arm64.ActiveCfg = Release|Any CPU
		{A2622CA3-912F-4AA5-AD71-CBFDA6E78146}.Release|arm64.Build.0 = Release|Any CPU
		{A2622CA3-912F-4AA5-AD71-CBFDA6E78146}.Release|x64.ActiveCfg = Release|Any CPU
		{A2622CA3-912F-4AA5-AD71-CBFDA6E78146}.Release|x64.Build.0 = Release|Any CPU
		{A2622CA3-912F-4AA5-AD71-CBFDA6E78146}.Release|x86.ActiveCfg = Release|Any CPU
		{A2622CA3-912F-4AA5-AD71-CBFDA6E78146}.Release|x86.Build.0 = Release|Any CPU
		{761E82D1-685B-4B59-8702-C35530480D03}.Debug|Any CPU.ActiveCfg = Debug|Any CPU
		{761E82D1-685B-4B59-8702-C35530480D03}.Debug|Any CPU.Build.0 = Debug|Any CPU
		{761E82D1-685B-4B59-8702-C35530480D03}.Debug|arm64.ActiveCfg = Debug|Any CPU
		{761E82D1-685B-4B59-8702-C35530480D03}.Debug|arm64.Build.0 = Debug|Any CPU
		{761E82D1-685B-4B59-8702-C35530480D03}.Debug|x64.ActiveCfg = Debug|Any CPU
		{761E82D1-685B-4B59-8702-C35530480D03}.Debug|x64.Build.0 = Debug|Any CPU
		{761E82D1-685B-4B59-8702-C35530480D03}.Debug|x86.ActiveCfg = Debug|Any CPU
		{761E82D1-685B-4B59-8702-C35530480D03}.Debug|x86.Build.0 = Debug|Any CPU
		{761E82D1-685B-4B59-8702-C35530480D03}.Release|Any CPU.ActiveCfg = Release|Any CPU
		{761E82D1-685B-4B59-8702-C35530480D03}.Release|Any CPU.Build.0 = Release|Any CPU
		{761E82D1-685B-4B59-8702-C35530480D03}.Release|arm64.ActiveCfg = Release|Any CPU
		{761E82D1-685B-4B59-8702-C35530480D03}.Release|arm64.Build.0 = Release|Any CPU
		{761E82D1-685B-4B59-8702-C35530480D03}.Release|x64.ActiveCfg = Release|Any CPU
		{761E82D1-685B-4B59-8702-C35530480D03}.Release|x64.Build.0 = Release|Any CPU
		{761E82D1-685B-4B59-8702-C35530480D03}.Release|x86.ActiveCfg = Release|Any CPU
		{761E82D1-685B-4B59-8702-C35530480D03}.Release|x86.Build.0 = Release|Any CPU
		{86C33772-9D3A-404C-A94C-0DB858E1ED08}.Debug|Any CPU.ActiveCfg = Debug|Any CPU
		{86C33772-9D3A-404C-A94C-0DB858E1ED08}.Debug|Any CPU.Build.0 = Debug|Any CPU
		{86C33772-9D3A-404C-A94C-0DB858E1ED08}.Debug|arm64.ActiveCfg = Debug|Any CPU
		{86C33772-9D3A-404C-A94C-0DB858E1ED08}.Debug|arm64.Build.0 = Debug|Any CPU
		{86C33772-9D3A-404C-A94C-0DB858E1ED08}.Debug|x64.ActiveCfg = Debug|Any CPU
		{86C33772-9D3A-404C-A94C-0DB858E1ED08}.Debug|x64.Build.0 = Debug|Any CPU
		{86C33772-9D3A-404C-A94C-0DB858E1ED08}.Debug|x86.ActiveCfg = Debug|Any CPU
		{86C33772-9D3A-404C-A94C-0DB858E1ED08}.Debug|x86.Build.0 = Debug|Any CPU
		{86C33772-9D3A-404C-A94C-0DB858E1ED08}.Release|Any CPU.ActiveCfg = Release|Any CPU
		{86C33772-9D3A-404C-A94C-0DB858E1ED08}.Release|Any CPU.Build.0 = Release|Any CPU
		{86C33772-9D3A-404C-A94C-0DB858E1ED08}.Release|arm64.ActiveCfg = Release|Any CPU
		{86C33772-9D3A-404C-A94C-0DB858E1ED08}.Release|arm64.Build.0 = Release|Any CPU
		{86C33772-9D3A-404C-A94C-0DB858E1ED08}.Release|x64.ActiveCfg = Release|Any CPU
		{86C33772-9D3A-404C-A94C-0DB858E1ED08}.Release|x64.Build.0 = Release|Any CPU
		{86C33772-9D3A-404C-A94C-0DB858E1ED08}.Release|x86.ActiveCfg = Release|Any CPU
		{86C33772-9D3A-404C-A94C-0DB858E1ED08}.Release|x86.Build.0 = Release|Any CPU
		{C390DE96-A650-4FF3-B75F-7690910EDD76}.Debug|Any CPU.ActiveCfg = Debug|Any CPU
		{C390DE96-A650-4FF3-B75F-7690910EDD76}.Debug|Any CPU.Build.0 = Debug|Any CPU
		{C390DE96-A650-4FF3-B75F-7690910EDD76}.Debug|arm64.ActiveCfg = Debug|Any CPU
		{C390DE96-A650-4FF3-B75F-7690910EDD76}.Debug|arm64.Build.0 = Debug|Any CPU
		{C390DE96-A650-4FF3-B75F-7690910EDD76}.Debug|x64.ActiveCfg = Debug|Any CPU
		{C390DE96-A650-4FF3-B75F-7690910EDD76}.Debug|x64.Build.0 = Debug|Any CPU
		{C390DE96-A650-4FF3-B75F-7690910EDD76}.Debug|x86.ActiveCfg = Debug|Any CPU
		{C390DE96-A650-4FF3-B75F-7690910EDD76}.Debug|x86.Build.0 = Debug|Any CPU
		{C390DE96-A650-4FF3-B75F-7690910EDD76}.Release|Any CPU.ActiveCfg = Release|Any CPU
		{C390DE96-A650-4FF3-B75F-7690910EDD76}.Release|Any CPU.Build.0 = Release|Any CPU
		{C390DE96-A650-4FF3-B75F-7690910EDD76}.Release|arm64.ActiveCfg = Release|Any CPU
		{C390DE96-A650-4FF3-B75F-7690910EDD76}.Release|arm64.Build.0 = Release|Any CPU
		{C390DE96-A650-4FF3-B75F-7690910EDD76}.Release|x64.ActiveCfg = Release|Any CPU
		{C390DE96-A650-4FF3-B75F-7690910EDD76}.Release|x64.Build.0 = Release|Any CPU
		{C390DE96-A650-4FF3-B75F-7690910EDD76}.Release|x86.ActiveCfg = Release|Any CPU
		{C390DE96-A650-4FF3-B75F-7690910EDD76}.Release|x86.Build.0 = Release|Any CPU
		{B2963CE7-B365-47CE-B68A-6A158FDEF48D}.Debug|Any CPU.ActiveCfg = Debug|Any CPU
		{B2963CE7-B365-47CE-B68A-6A158FDEF48D}.Debug|Any CPU.Build.0 = Debug|Any CPU
		{B2963CE7-B365-47CE-B68A-6A158FDEF48D}.Debug|arm64.ActiveCfg = Debug|Any CPU
		{B2963CE7-B365-47CE-B68A-6A158FDEF48D}.Debug|arm64.Build.0 = Debug|Any CPU
		{B2963CE7-B365-47CE-B68A-6A158FDEF48D}.Debug|x64.ActiveCfg = Debug|Any CPU
		{B2963CE7-B365-47CE-B68A-6A158FDEF48D}.Debug|x64.Build.0 = Debug|Any CPU
		{B2963CE7-B365-47CE-B68A-6A158FDEF48D}.Debug|x86.ActiveCfg = Debug|Any CPU
		{B2963CE7-B365-47CE-B68A-6A158FDEF48D}.Debug|x86.Build.0 = Debug|Any CPU
		{B2963CE7-B365-47CE-B68A-6A158FDEF48D}.Release|Any CPU.ActiveCfg = Release|Any CPU
		{B2963CE7-B365-47CE-B68A-6A158FDEF48D}.Release|Any CPU.Build.0 = Release|Any CPU
		{B2963CE7-B365-47CE-B68A-6A158FDEF48D}.Release|arm64.ActiveCfg = Release|Any CPU
		{B2963CE7-B365-47CE-B68A-6A158FDEF48D}.Release|arm64.Build.0 = Release|Any CPU
		{B2963CE7-B365-47CE-B68A-6A158FDEF48D}.Release|x64.ActiveCfg = Release|Any CPU
		{B2963CE7-B365-47CE-B68A-6A158FDEF48D}.Release|x64.Build.0 = Release|Any CPU
		{B2963CE7-B365-47CE-B68A-6A158FDEF48D}.Release|x86.ActiveCfg = Release|Any CPU
		{B2963CE7-B365-47CE-B68A-6A158FDEF48D}.Release|x86.Build.0 = Release|Any CPU
		{66D60FB2-059B-4E6F-9E96-0911DB4E1ECE}.Debug|Any CPU.ActiveCfg = Debug|Any CPU
		{66D60FB2-059B-4E6F-9E96-0911DB4E1ECE}.Debug|Any CPU.Build.0 = Debug|Any CPU
		{66D60FB2-059B-4E6F-9E96-0911DB4E1ECE}.Debug|arm64.ActiveCfg = Debug|Any CPU
		{66D60FB2-059B-4E6F-9E96-0911DB4E1ECE}.Debug|arm64.Build.0 = Debug|Any CPU
		{66D60FB2-059B-4E6F-9E96-0911DB4E1ECE}.Debug|x64.ActiveCfg = Debug|Any CPU
		{66D60FB2-059B-4E6F-9E96-0911DB4E1ECE}.Debug|x64.Build.0 = Debug|Any CPU
		{66D60FB2-059B-4E6F-9E96-0911DB4E1ECE}.Debug|x86.ActiveCfg = Debug|Any CPU
		{66D60FB2-059B-4E6F-9E96-0911DB4E1ECE}.Debug|x86.Build.0 = Debug|Any CPU
		{66D60FB2-059B-4E6F-9E96-0911DB4E1ECE}.Release|Any CPU.ActiveCfg = Release|Any CPU
		{66D60FB2-059B-4E6F-9E96-0911DB4E1ECE}.Release|Any CPU.Build.0 = Release|Any CPU
		{66D60FB2-059B-4E6F-9E96-0911DB4E1ECE}.Release|arm64.ActiveCfg = Release|Any CPU
		{66D60FB2-059B-4E6F-9E96-0911DB4E1ECE}.Release|arm64.Build.0 = Release|Any CPU
		{66D60FB2-059B-4E6F-9E96-0911DB4E1ECE}.Release|x64.ActiveCfg = Release|Any CPU
		{66D60FB2-059B-4E6F-9E96-0911DB4E1ECE}.Release|x64.Build.0 = Release|Any CPU
		{66D60FB2-059B-4E6F-9E96-0911DB4E1ECE}.Release|x86.ActiveCfg = Release|Any CPU
		{66D60FB2-059B-4E6F-9E96-0911DB4E1ECE}.Release|x86.Build.0 = Release|Any CPU
		{0B8177F7-8275-458B-A502-F4611CE0521C}.Debug|Any CPU.ActiveCfg = Debug|Any CPU
		{0B8177F7-8275-458B-A502-F4611CE0521C}.Debug|Any CPU.Build.0 = Debug|Any CPU
		{0B8177F7-8275-458B-A502-F4611CE0521C}.Debug|arm64.ActiveCfg = Debug|Any CPU
		{0B8177F7-8275-458B-A502-F4611CE0521C}.Debug|arm64.Build.0 = Debug|Any CPU
		{0B8177F7-8275-458B-A502-F4611CE0521C}.Debug|x64.ActiveCfg = Debug|Any CPU
		{0B8177F7-8275-458B-A502-F4611CE0521C}.Debug|x64.Build.0 = Debug|Any CPU
		{0B8177F7-8275-458B-A502-F4611CE0521C}.Debug|x86.ActiveCfg = Debug|Any CPU
		{0B8177F7-8275-458B-A502-F4611CE0521C}.Debug|x86.Build.0 = Debug|Any CPU
		{0B8177F7-8275-458B-A502-F4611CE0521C}.Release|Any CPU.ActiveCfg = Release|Any CPU
		{0B8177F7-8275-458B-A502-F4611CE0521C}.Release|Any CPU.Build.0 = Release|Any CPU
		{0B8177F7-8275-458B-A502-F4611CE0521C}.Release|arm64.ActiveCfg = Release|Any CPU
		{0B8177F7-8275-458B-A502-F4611CE0521C}.Release|arm64.Build.0 = Release|Any CPU
		{0B8177F7-8275-458B-A502-F4611CE0521C}.Release|x64.ActiveCfg = Release|Any CPU
		{0B8177F7-8275-458B-A502-F4611CE0521C}.Release|x64.Build.0 = Release|Any CPU
		{0B8177F7-8275-458B-A502-F4611CE0521C}.Release|x86.ActiveCfg = Release|Any CPU
		{0B8177F7-8275-458B-A502-F4611CE0521C}.Release|x86.Build.0 = Release|Any CPU
	EndGlobalSection
	GlobalSection(SolutionProperties) = preSolution
		HideSolutionNode = FALSE
	EndGlobalSection
	GlobalSection(NestedProjects) = preSolution
		{6CD10431-BD97-4DFB-BA3C-9628EA52CBA0} = {70C40D68-414E-4F08-8C08-636FC08D6BAF}
		{CCC82825-B7E0-460D-A641-2BE7D12FBE1A} = {A6E3BE15-B46D-406D-A4A2-413F73EA2683}
		{0AC5BFE2-F2E3-49EB-AE9E-30AB9008813F} = {AE27625E-EAF0-4D9C-A758-1BBC6ABF26AE}
		{2D50431E-8113-4130-9221-3682EC0CDDCE} = {AE27625E-EAF0-4D9C-A758-1BBC6ABF26AE}
		{7E53CDF1-F614-486F-9413-4967157E9F64} = {CDB3BE2B-DBF2-4887-9308-AA3C4D6DBBE2}
		{19D7DDC0-9A3C-40CB-8AB3-D178CEC3C8E3} = {CDB3BE2B-DBF2-4887-9308-AA3C4D6DBBE2}
		{A2622CA3-912F-4AA5-AD71-CBFDA6E78146} = {A6E3BE15-B46D-406D-A4A2-413F73EA2683}
		{761E82D1-685B-4B59-8702-C35530480D03} = {318FBAC2-0C59-4516-84BF-88ECDB613D0A}
		{86C33772-9D3A-404C-A94C-0DB858E1ED08} = {7078CC6F-8669-48F4-B1D0-F54965869C19}
		{C390DE96-A650-4FF3-B75F-7690910EDD76} = {AE27625E-EAF0-4D9C-A758-1BBC6ABF26AE}
		{B2963CE7-B365-47CE-B68A-6A158FDEF48D} = {AE27625E-EAF0-4D9C-A758-1BBC6ABF26AE}
		{66D60FB2-059B-4E6F-9E96-0911DB4E1ECE} = {7078CC6F-8669-48F4-B1D0-F54965869C19}
		{0B8177F7-8275-458B-A502-F4611CE0521C} = {7078CC6F-8669-48F4-B1D0-F54965869C19}
	EndGlobalSection
	GlobalSection(ExtensibilityGlobals) = postSolution
		SolutionGuid = {486C20B7-7E2E-438A-A082-D79F863D6593}
	EndGlobalSection
EndGlobal
